// !$*UTF8*$!
{
	archiveVersion = 1;
	classes = {
	};
	objectVersion = 46;
	objects = {

/* Begin PBXBuildFile section */
		D83F298B1B04DF6B001A6A84 /* main.m in Sources */ = {isa = PBXBuildFile; fileRef = D83F298A1B04DF6B001A6A84 /* main.m */; };
		D83F298E1B04DF6B001A6A84 /* AppDelegate.m in Sources */ = {isa = PBXBuildFile; fileRef = D83F298D1B04DF6B001A6A84 /* AppDelegate.m */; };
		D83F29961B04DF6B001A6A84 /* Images.xcassets in Resources */ = {isa = PBXBuildFile; fileRef = D83F29951B04DF6B001A6A84 /* Images.xcassets */; };
		D83F29991B04DF6B001A6A84 /* LaunchScreen.xib in Resources */ = {isa = PBXBuildFile; fileRef = D83F29971B04DF6B001A6A84 /* LaunchScreen.xib */; };
		D83F29A51B04DF6B001A6A84 /* BlocstagramTests.m in Sources */ = {isa = PBXBuildFile; fileRef = D83F29A41B04DF6B001A6A84 /* BlocstagramTests.m */; };
		D83F29B01B04DF9B001A6A84 /* ImagesTableViewController.m in Sources */ = {isa = PBXBuildFile; fileRef = D83F29AF1B04DF9B001A6A84 /* ImagesTableViewController.m */; };
		D83F29BC1B05067D001A6A84 /* 1.jpg in Resources */ = {isa = PBXBuildFile; fileRef = D83F29B21B05067D001A6A84 /* 1.jpg */; };
		D83F29BD1B05067D001A6A84 /* 2.jpg in Resources */ = {isa = PBXBuildFile; fileRef = D83F29B31B05067D001A6A84 /* 2.jpg */; };
		D83F29BE1B05067D001A6A84 /* 3.jpg in Resources */ = {isa = PBXBuildFile; fileRef = D83F29B41B05067D001A6A84 /* 3.jpg */; };
		D83F29BF1B05067D001A6A84 /* 4.jpg in Resources */ = {isa = PBXBuildFile; fileRef = D83F29B51B05067D001A6A84 /* 4.jpg */; };
		D83F29C01B05067D001A6A84 /* 5.jpg in Resources */ = {isa = PBXBuildFile; fileRef = D83F29B61B05067D001A6A84 /* 5.jpg */; };
		D83F29C11B05067D001A6A84 /* 6.jpg in Resources */ = {isa = PBXBuildFile; fileRef = D83F29B71B05067D001A6A84 /* 6.jpg */; };
		D83F29C21B05067D001A6A84 /* 7.jpg in Resources */ = {isa = PBXBuildFile; fileRef = D83F29B81B05067D001A6A84 /* 7.jpg */; };
		D83F29C31B05067D001A6A84 /* 8.jpg in Resources */ = {isa = PBXBuildFile; fileRef = D83F29B91B05067D001A6A84 /* 8.jpg */; };
		D83F29C41B05067D001A6A84 /* 9.jpg in Resources */ = {isa = PBXBuildFile; fileRef = D83F29BA1B05067D001A6A84 /* 9.jpg */; };
		D83F29C51B05067D001A6A84 /* 10.jpg in Resources */ = {isa = PBXBuildFile; fileRef = D83F29BB1B05067D001A6A84 /* 10.jpg */; };
		D83F29C81B050F65001A6A84 /* User.m in Sources */ = {isa = PBXBuildFile; fileRef = D83F29C71B050F65001A6A84 /* User.m */; };
		D83F29CB1B05101B001A6A84 /* Media.m in Sources */ = {isa = PBXBuildFile; fileRef = D83F29CA1B05101B001A6A84 /* Media.m */; };
		D83F29CE1B051146001A6A84 /* Comment.m in Sources */ = {isa = PBXBuildFile; fileRef = D83F29CD1B051146001A6A84 /* Comment.m */; };
		D83F29D11B051388001A6A84 /* DataSource.m in Sources */ = {isa = PBXBuildFile; fileRef = D83F29D01B051388001A6A84 /* DataSource.m */; };
/* End PBXBuildFile section */

/* Begin PBXContainerItemProxy section */
		D83F299F1B04DF6B001A6A84 /* PBXContainerItemProxy */ = {
			isa = PBXContainerItemProxy;
			containerPortal = D83F297D1B04DF6B001A6A84 /* Project object */;
			proxyType = 1;
			remoteGlobalIDString = D83F29841B04DF6B001A6A84;
			remoteInfo = Blocstagram;
		};
/* End PBXContainerItemProxy section */

/* Begin PBXFileReference section */
		D83F29851B04DF6B001A6A84 /* Blocstagram.app */ = {isa = PBXFileReference; explicitFileType = wrapper.application; includeInIndex = 0; path = Blocstagram.app; sourceTree = BUILT_PRODUCTS_DIR; };
		D83F29891B04DF6B001A6A84 /* Info.plist */ = {isa = PBXFileReference; lastKnownFileType = text.plist.xml; path = Info.plist; sourceTree = "<group>"; };
		D83F298A1B04DF6B001A6A84 /* main.m */ = {isa = PBXFileReference; lastKnownFileType = sourcecode.c.objc; path = main.m; sourceTree = "<group>"; };
		D83F298C1B04DF6B001A6A84 /* AppDelegate.h */ = {isa = PBXFileReference; lastKnownFileType = sourcecode.c.h; path = AppDelegate.h; sourceTree = "<group>"; };
		D83F298D1B04DF6B001A6A84 /* AppDelegate.m */ = {isa = PBXFileReference; lastKnownFileType = sourcecode.c.objc; path = AppDelegate.m; sourceTree = "<group>"; };
		D83F29951B04DF6B001A6A84 /* Images.xcassets */ = {isa = PBXFileReference; lastKnownFileType = folder.assetcatalog; path = Images.xcassets; sourceTree = "<group>"; };
		D83F29981B04DF6B001A6A84 /* Base */ = {isa = PBXFileReference; lastKnownFileType = file.xib; name = Base; path = Base.lproj/LaunchScreen.xib; sourceTree = "<group>"; };
		D83F299E1B04DF6B001A6A84 /* BlocstagramTests.xctest */ = {isa = PBXFileReference; explicitFileType = wrapper.cfbundle; includeInIndex = 0; path = BlocstagramTests.xctest; sourceTree = BUILT_PRODUCTS_DIR; };
		D83F29A31B04DF6B001A6A84 /* Info.plist */ = {isa = PBXFileReference; lastKnownFileType = text.plist.xml; path = Info.plist; sourceTree = "<group>"; };
		D83F29A41B04DF6B001A6A84 /* BlocstagramTests.m */ = {isa = PBXFileReference; lastKnownFileType = sourcecode.c.objc; path = BlocstagramTests.m; sourceTree = "<group>"; };
		D83F29AE1B04DF9B001A6A84 /* ImagesTableViewController.h */ = {isa = PBXFileReference; fileEncoding = 4; lastKnownFileType = sourcecode.c.h; path = ImagesTableViewController.h; sourceTree = "<group>"; };
		D83F29AF1B04DF9B001A6A84 /* ImagesTableViewController.m */ = {isa = PBXFileReference; fileEncoding = 4; lastKnownFileType = sourcecode.c.objc; path = ImagesTableViewController.m; sourceTree = "<group>"; };
		D83F29B21B05067D001A6A84 /* 1.jpg */ = {isa = PBXFileReference; lastKnownFileType = image.jpeg; path = 1.jpg; sourceTree = "<group>"; };
		D83F29B31B05067D001A6A84 /* 2.jpg */ = {isa = PBXFileReference; lastKnownFileType = image.jpeg; path = 2.jpg; sourceTree = "<group>"; };
		D83F29B41B05067D001A6A84 /* 3.jpg */ = {isa = PBXFileReference; lastKnownFileType = image.jpeg; path = 3.jpg; sourceTree = "<group>"; };
		D83F29B51B05067D001A6A84 /* 4.jpg */ = {isa = PBXFileReference; lastKnownFileType = image.jpeg; path = 4.jpg; sourceTree = "<group>"; };
		D83F29B61B05067D001A6A84 /* 5.jpg */ = {isa = PBXFileReference; lastKnownFileType = image.jpeg; path = 5.jpg; sourceTree = "<group>"; };
		D83F29B71B05067D001A6A84 /* 6.jpg */ = {isa = PBXFileReference; lastKnownFileType = image.jpeg; path = 6.jpg; sourceTree = "<group>"; };
		D83F29B81B05067D001A6A84 /* 7.jpg */ = {isa = PBXFileReference; lastKnownFileType = image.jpeg; path = 7.jpg; sourceTree = "<group>"; };
		D83F29B91B05067D001A6A84 /* 8.jpg */ = {isa = PBXFileReference; lastKnownFileType = image.jpeg; path = 8.jpg; sourceTree = "<group>"; };
		D83F29BA1B05067D001A6A84 /* 9.jpg */ = {isa = PBXFileReference; lastKnownFileType = image.jpeg; path = 9.jpg; sourceTree = "<group>"; };
		D83F29BB1B05067D001A6A84 /* 10.jpg */ = {isa = PBXFileReference; lastKnownFileType = image.jpeg; path = 10.jpg; sourceTree = "<group>"; };
		D83F29C61B050F65001A6A84 /* User.h */ = {isa = PBXFileReference; fileEncoding = 4; lastKnownFileType = sourcecode.c.h; path = User.h; sourceTree = "<group>"; };
		D83F29C71B050F65001A6A84 /* User.m */ = {isa = PBXFileReference; fileEncoding = 4; lastKnownFileType = sourcecode.c.objc; path = User.m; sourceTree = "<group>"; };
		D83F29C91B05101B001A6A84 /* Media.h */ = {isa = PBXFileReference; fileEncoding = 4; lastKnownFileType = sourcecode.c.h; path = Media.h; sourceTree = "<group>"; };
		D83F29CA1B05101B001A6A84 /* Media.m */ = {isa = PBXFileReference; fileEncoding = 4; lastKnownFileType = sourcecode.c.objc; path = Media.m; sourceTree = "<group>"; };
		D83F29CC1B051146001A6A84 /* Comment.h */ = {isa = PBXFileReference; fileEncoding = 4; lastKnownFileType = sourcecode.c.h; path = Comment.h; sourceTree = "<group>"; };
		D83F29CD1B051146001A6A84 /* Comment.m */ = {isa = PBXFileReference; fileEncoding = 4; lastKnownFileType = sourcecode.c.objc; path = Comment.m; sourceTree = "<group>"; };
		D83F29CF1B051388001A6A84 /* DataSource.h */ = {isa = PBXFileReference; fileEncoding = 4; lastKnownFileType = sourcecode.c.h; path = DataSource.h; sourceTree = "<group>"; };
		D83F29D01B051388001A6A84 /* DataSource.m */ = {isa = PBXFileReference; fileEncoding = 4; lastKnownFileType = sourcecode.c.objc; path = DataSource.m; sourceTree = "<group>"; };
/* End PBXFileReference section */

/* Begin PBXFrameworksBuildPhase section */
		D83F29821B04DF6B001A6A84 /* Frameworks */ = {
			isa = PBXFrameworksBuildPhase;
			buildActionMask = 2147483647;
			files = (
			);
			runOnlyForDeploymentPostprocessing = 0;
		};
		D83F299B1B04DF6B001A6A84 /* Frameworks */ = {
			isa = PBXFrameworksBuildPhase;
			buildActionMask = 2147483647;
			files = (
			);
			runOnlyForDeploymentPostprocessing = 0;
		};
/* End PBXFrameworksBuildPhase section */

/* Begin PBXGroup section */
		D83F297C1B04DF6B001A6A84 = {
			isa = PBXGroup;
			children = (
				D83F29871B04DF6B001A6A84 /* Blocstagram */,
				D83F29A11B04DF6B001A6A84 /* BlocstagramTests */,
				D83F29861B04DF6B001A6A84 /* Products */,
			);
			sourceTree = "<group>";
		};
		D83F29861B04DF6B001A6A84 /* Products */ = {
			isa = PBXGroup;
			children = (
				D83F29851B04DF6B001A6A84 /* Blocstagram.app */,
				D83F299E1B04DF6B001A6A84 /* BlocstagramTests.xctest */,
			);
			name = Products;
			sourceTree = "<group>";
		};
		D83F29871B04DF6B001A6A84 /* Blocstagram */ = {
			isa = PBXGroup;
			children = (
				D83F298C1B04DF6B001A6A84 /* AppDelegate.h */,
				D83F298D1B04DF6B001A6A84 /* AppDelegate.m */,
				D83F29AE1B04DF9B001A6A84 /* ImagesTableViewController.h */,
				D83F29AF1B04DF9B001A6A84 /* ImagesTableViewController.m */,
				D83F29C61B050F65001A6A84 /* User.h */,
				D83F29C71B050F65001A6A84 /* User.m */,
				D83F29C91B05101B001A6A84 /* Media.h */,
				D83F29CA1B05101B001A6A84 /* Media.m */,
				D83F29CC1B051146001A6A84 /* Comment.h */,
				D83F29CD1B051146001A6A84 /* Comment.m */,
				D83F29CF1B051388001A6A84 /* DataSource.h */,
				D83F29D01B051388001A6A84 /* DataSource.m */,
				D83F29951B04DF6B001A6A84 /* Images.xcassets */,
				D83F29971B04DF6B001A6A84 /* LaunchScreen.xib */,
				D83F29B11B05066F001A6A84 /* images */,
				D83F29881B04DF6B001A6A84 /* Supporting Files */,
			);
			path = Blocstagram;
			sourceTree = "<group>";
		};
		D83F29881B04DF6B001A6A84 /* Supporting Files */ = {
			isa = PBXGroup;
			children = (
				D83F29891B04DF6B001A6A84 /* Info.plist */,
				D83F298A1B04DF6B001A6A84 /* main.m */,
			);
			name = "Supporting Files";
			sourceTree = "<group>";
		};
		D83F29A11B04DF6B001A6A84 /* BlocstagramTests */ = {
			isa = PBXGroup;
			children = (
				D83F29A41B04DF6B001A6A84 /* BlocstagramTests.m */,
				D83F29A21B04DF6B001A6A84 /* Supporting Files */,
			);
			path = BlocstagramTests;
			sourceTree = "<group>";
		};
		D83F29A21B04DF6B001A6A84 /* Supporting Files */ = {
			isa = PBXGroup;
			children = (
				D83F29A31B04DF6B001A6A84 /* Info.plist */,
			);
			name = "Supporting Files";
			sourceTree = "<group>";
		};
		D83F29B11B05066F001A6A84 /* images */ = {
			isa = PBXGroup;
			children = (
				D83F29B21B05067D001A6A84 /* 1.jpg */,
				D83F29B31B05067D001A6A84 /* 2.jpg */,
				D83F29B41B05067D001A6A84 /* 3.jpg */,
				D83F29B51B05067D001A6A84 /* 4.jpg */,
				D83F29B61B05067D001A6A84 /* 5.jpg */,
				D83F29B71B05067D001A6A84 /* 6.jpg */,
				D83F29B81B05067D001A6A84 /* 7.jpg */,
				D83F29B91B05067D001A6A84 /* 8.jpg */,
				D83F29BA1B05067D001A6A84 /* 9.jpg */,
				D83F29BB1B05067D001A6A84 /* 10.jpg */,
			);
			name = images;
			path = ..;
			sourceTree = "<group>";
		};
/* End PBXGroup section */

/* Begin PBXNativeTarget section */
		D83F29841B04DF6B001A6A84 /* Blocstagram */ = {
			isa = PBXNativeTarget;
			buildConfigurationList = D83F29A81B04DF6B001A6A84 /* Build configuration list for PBXNativeTarget "Blocstagram" */;
			buildPhases = (
				D83F29811B04DF6B001A6A84 /* Sources */,
				D83F29821B04DF6B001A6A84 /* Frameworks */,
				D83F29831B04DF6B001A6A84 /* Resources */,
			);
			buildRules = (
			);
			dependencies = (
			);
			name = Blocstagram;
			productName = Blocstagram;
			productReference = D83F29851B04DF6B001A6A84 /* Blocstagram.app */;
			productType = "com.apple.product-type.application";
		};
		D83F299D1B04DF6B001A6A84 /* BlocstagramTests */ = {
			isa = PBXNativeTarget;
			buildConfigurationList = D83F29AB1B04DF6B001A6A84 /* Build configuration list for PBXNativeTarget "BlocstagramTests" */;
			buildPhases = (
				D83F299A1B04DF6B001A6A84 /* Sources */,
				D83F299B1B04DF6B001A6A84 /* Frameworks */,
				D83F299C1B04DF6B001A6A84 /* Resources */,
			);
			buildRules = (
			);
			dependencies = (
				D83F29A01B04DF6B001A6A84 /* PBXTargetDependency */,
			);
			name = BlocstagramTests;
			productName = BlocstagramTests;
			productReference = D83F299E1B04DF6B001A6A84 /* BlocstagramTests.xctest */;
			productType = "com.apple.product-type.bundle.unit-test";
		};
/* End PBXNativeTarget section */

/* Begin PBXProject section */
		D83F297D1B04DF6B001A6A84 /* Project object */ = {
			isa = PBXProject;
			attributes = {
				LastUpgradeCheck = 0630;
				ORGANIZATIONNAME = "Joe Lucero";
				TargetAttributes = {
					D83F29841B04DF6B001A6A84 = {
						CreatedOnToolsVersion = 6.3.1;
					};
					D83F299D1B04DF6B001A6A84 = {
						CreatedOnToolsVersion = 6.3.1;
						TestTargetID = D83F29841B04DF6B001A6A84;
					};
				};
			};
			buildConfigurationList = D83F29801B04DF6B001A6A84 /* Build configuration list for PBXProject "Blocstagram" */;
			compatibilityVersion = "Xcode 3.2";
			developmentRegion = English;
			hasScannedForEncodings = 0;
			knownRegions = (
				en,
				Base,
			);
			mainGroup = D83F297C1B04DF6B001A6A84;
			productRefGroup = D83F29861B04DF6B001A6A84 /* Products */;
			projectDirPath = "";
			projectRoot = "";
			targets = (
				D83F29841B04DF6B001A6A84 /* Blocstagram */,
				D83F299D1B04DF6B001A6A84 /* BlocstagramTests */,
			);
		};
/* End PBXProject section */

/* Begin PBXResourcesBuildPhase section */
		D83F29831B04DF6B001A6A84 /* Resources */ = {
			isa = PBXResourcesBuildPhase;
			buildActionMask = 2147483647;
			files = (
				D83F29C41B05067D001A6A84 /* 9.jpg in Resources */,
				D83F29C31B05067D001A6A84 /* 8.jpg in Resources */,
				D83F29BF1B05067D001A6A84 /* 4.jpg in Resources */,
				D83F29BE1B05067D001A6A84 /* 3.jpg in Resources */,
				D83F29C11B05067D001A6A84 /* 6.jpg in Resources */,
				D83F29BC1B05067D001A6A84 /* 1.jpg in Resources */,
				D83F29991B04DF6B001A6A84 /* LaunchScreen.xib in Resources */,
				D83F29C01B05067D001A6A84 /* 5.jpg in Resources */,
				D83F29C21B05067D001A6A84 /* 7.jpg in Resources */,
				D83F29BD1B05067D001A6A84 /* 2.jpg in Resources */,
				D83F29C51B05067D001A6A84 /* 10.jpg in Resources */,
				D83F29961B04DF6B001A6A84 /* Images.xcassets in Resources */,
			);
			runOnlyForDeploymentPostprocessing = 0;
		};
		D83F299C1B04DF6B001A6A84 /* Resources */ = {
			isa = PBXResourcesBuildPhase;
			buildActionMask = 2147483647;
			files = (
			);
			runOnlyForDeploymentPostprocessing = 0;
		};
/* End PBXResourcesBuildPhase section */

/* Begin PBXSourcesBuildPhase section */
		D83F29811B04DF6B001A6A84 /* Sources */ = {
			isa = PBXSourcesBuildPhase;
			buildActionMask = 2147483647;
			files = (
				D83F29D11B051388001A6A84 /* DataSource.m in Sources */,
				D83F29C81B050F65001A6A84 /* User.m in Sources */,
				D83F29CE1B051146001A6A84 /* Comment.m in Sources */,
				D83F29CB1B05101B001A6A84 /* Media.m in Sources */,
				D83F298E1B04DF6B001A6A84 /* AppDelegate.m in Sources */,
				D83F298B1B04DF6B001A6A84 /* main.m in Sources */,
				D83F29B01B04DF9B001A6A84 /* ImagesTableViewController.m in Sources */,
			);
			runOnlyForDeploymentPostprocessing = 0;
		};
		D83F299A1B04DF6B001A6A84 /* Sources */ = {
			isa = PBXSourcesBuildPhase;
			buildActionMask = 2147483647;
			files = (
				D83F29A51B04DF6B001A6A84 /* BlocstagramTests.m in Sources */,
			);
			runOnlyForDeploymentPostprocessing = 0;
		};
/* End PBXSourcesBuildPhase section */

/* Begin PBXTargetDependency section */
		D83F29A01B04DF6B001A6A84 /* PBXTargetDependency */ = {
			isa = PBXTargetDependency;
			target = D83F29841B04DF6B001A6A84 /* Blocstagram */;
			targetProxy = D83F299F1B04DF6B001A6A84 /* PBXContainerItemProxy */;
		};
/* End PBXTargetDependency section */

/* Begin PBXVariantGroup section */
		D83F29971B04DF6B001A6A84 /* LaunchScreen.xib */ = {
			isa = PBXVariantGroup;
			children = (
				D83F29981B04DF6B001A6A84 /* Base */,
			);
			name = LaunchScreen.xib;
			sourceTree = "<group>";
		};
/* End PBXVariantGroup section */

/* Begin XCBuildConfiguration section */
		D83F29A61B04DF6B001A6A84 /* Debug */ = {
			isa = XCBuildConfiguration;
			buildSettings = {
				ALWAYS_SEARCH_USER_PATHS = NO;
				CLANG_CXX_LANGUAGE_STANDARD = "gnu++0x";
				CLANG_CXX_LIBRARY = "libc++";
				CLANG_ENABLE_MODULES = YES;
				CLANG_ENABLE_OBJC_ARC = YES;
				CLANG_WARN_BOOL_CONVERSION = YES;
				CLANG_WARN_CONSTANT_CONVERSION = YES;
				CLANG_WARN_DIRECT_OBJC_ISA_USAGE = YES_ERROR;
				CLANG_WARN_EMPTY_BODY = YES;
				CLANG_WARN_ENUM_CONVERSION = YES;
				CLANG_WARN_INT_CONVERSION = YES;
				CLANG_WARN_OBJC_ROOT_CLASS = YES_ERROR;
				CLANG_WARN_UNREACHABLE_CODE = YES;
				CLANG_WARN__DUPLICATE_METHOD_MATCH = YES;
				"CODE_SIGN_IDENTITY[sdk=iphoneos*]" = "iPhone Developer";
				COPY_PHASE_STRIP = NO;
				DEBUG_INFORMATION_FORMAT = "dwarf-with-dsym";
				ENABLE_STRICT_OBJC_MSGSEND = YES;
				GCC_C_LANGUAGE_STANDARD = gnu99;
				GCC_DYNAMIC_NO_PIC = NO;
				GCC_NO_COMMON_BLOCKS = YES;
				GCC_OPTIMIZATION_LEVEL = 0;
				GCC_PREPROCESSOR_DEFINITIONS = (
					"DEBUG=1",
					"$(inherited)",
				);
				GCC_SYMBOLS_PRIVATE_EXTERN = NO;
				GCC_WARN_64_TO_32_BIT_CONVERSION = YES;
				GCC_WARN_ABOUT_RETURN_TYPE = YES_ERROR;
				GCC_WARN_UNDECLARED_SELECTOR = YES;
				GCC_WARN_UNINITIALIZED_AUTOS = YES_AGGRESSIVE;
				GCC_WARN_UNUSED_FUNCTION = YES;
				GCC_WARN_UNUSED_VARIABLE = YES;
				IPHONEOS_DEPLOYMENT_TARGET = 8.3;
				MTL_ENABLE_DEBUG_INFO = YES;
				ONLY_ACTIVE_ARCH = YES;
				SDKROOT = iphoneos;
				TARGETED_DEVICE_FAMILY = "1,2";
			};
			name = Debug;
		};
		D83F29A71B04DF6B001A6A84 /* Release */ = {
			isa = XCBuildConfiguration;
			buildSettings = {
				ALWAYS_SEARCH_USER_PATHS = NO;
				CLANG_CXX_LANGUAGE_STANDARD = "gnu++0x";
				CLANG_CXX_LIBRARY = "libc++";
				CLANG_ENABLE_MODULES = YES;
				CLANG_ENABLE_OBJC_ARC = YES;
				CLANG_WARN_BOOL_CONVERSION = YES;
				CLANG_WARN_CONSTANT_CONVERSION = YES;
				CLANG_WARN_DIRECT_OBJC_ISA_USAGE = YES_ERROR;
				CLANG_WARN_EMPTY_BODY = YES;
				CLANG_WARN_ENUM_CONVERSION = YES;
				CLANG_WARN_INT_CONVERSION = YES;
				CLANG_WARN_OBJC_ROOT_CLASS = YES_ERROR;
				CLANG_WARN_UNREACHABLE_CODE = YES;
				CLANG_WARN__DUPLICATE_METHOD_MATCH = YES;
				"CODE_SIGN_IDENTITY[sdk=iphoneos*]" = "iPhone Developer";
				COPY_PHASE_STRIP = NO;
				DEBUG_INFORMATION_FORMAT = "dwarf-with-dsym";
				ENABLE_NS_ASSERTIONS = NO;
				ENABLE_STRICT_OBJC_MSGSEND = YES;
				GCC_C_LANGUAGE_STANDARD = gnu99;
				GCC_NO_COMMON_BLOCKS = YES;
				GCC_WARN_64_TO_32_BIT_CONVERSION = YES;
				GCC_WARN_ABOUT_RETURN_TYPE = YES_ERROR;
				GCC_WARN_UNDECLARED_SELECTOR = YES;
				GCC_WARN_UNINITIALIZED_AUTOS = YES_AGGRESSIVE;
				GCC_WARN_UNUSED_FUNCTION = YES;
				GCC_WARN_UNUSED_VARIABLE = YES;
				IPHONEOS_DEPLOYMENT_TARGET = 8.3;
				MTL_ENABLE_DEBUG_INFO = NO;
				SDKROOT = iphoneos;
				TARGETED_DEVICE_FAMILY = "1,2";
				VALIDATE_PRODUCT = YES;
			};
			name = Release;
		};
		D83F29A91B04DF6B001A6A84 /* Debug */ = {
			isa = XCBuildConfiguration;
			buildSettings = {
				ASSETCATALOG_COMPILER_APPICON_NAME = AppIcon;
				INFOPLIST_FILE = Blocstagram/Info.plist;
				LD_RUNPATH_SEARCH_PATHS = "$(inherited) @executable_path/Frameworks";
				PRODUCT_NAME = "$(TARGET_NAME)";
			};
			name = Debug;
		};
		D83F29AA1B04DF6B001A6A84 /* Release */ = {
			isa = XCBuildConfiguration;
			buildSettings = {
				ASSETCATALOG_COMPILER_APPICON_NAME = AppIcon;
				INFOPLIST_FILE = Blocstagram/Info.plist;
				LD_RUNPATH_SEARCH_PATHS = "$(inherited) @executable_path/Frameworks";
				PRODUCT_NAME = "$(TARGET_NAME)";
			};
			name = Release;
		};
		D83F29AC1B04DF6B001A6A84 /* Debug */ = {
			isa = XCBuildConfiguration;
			buildSettings = {
				BUNDLE_LOADER = "$(TEST_HOST)";
				FRAMEWORK_SEARCH_PATHS = (
					"$(SDKROOT)/Developer/Library/Frameworks",
					"$(inherited)",
				);
				GCC_PREPROCESSOR_DEFINITIONS = (
					"DEBUG=1",
					"$(inherited)",
				);
				INFOPLIST_FILE = BlocstagramTests/Info.plist;
				LD_RUNPATH_SEARCH_PATHS = "$(inherited) @executable_path/Frameworks @loader_path/Frameworks";
				PRODUCT_NAME = "$(TARGET_NAME)";
				TEST_HOST = "$(BUILT_PRODUCTS_DIR)/Blocstagram.app/Blocstagram";
			};
			name = Debug;
		};
		D83F29AD1B04DF6B001A6A84 /* Release */ = {
			isa = XCBuildConfiguration;
			buildSettings = {
				BUNDLE_LOADER = "$(TEST_HOST)";
				FRAMEWORK_SEARCH_PATHS = (
					"$(SDKROOT)/Developer/Library/Frameworks",
					"$(inherited)",
				);
				INFOPLIST_FILE = BlocstagramTests/Info.plist;
				LD_RUNPATH_SEARCH_PATHS = "$(inherited) @executable_path/Frameworks @loader_path/Frameworks";
				PRODUCT_NAME = "$(TARGET_NAME)";
				TEST_HOST = "$(BUILT_PRODUCTS_DIR)/Blocstagram.app/Blocstagram";
			};
			name = Release;
		};
/* End XCBuildConfiguration section */

/* Begin XCConfigurationList section */
		D83F29801B04DF6B001A6A84 /* Build configuration list for PBXProject "Blocstagram" */ = {
			isa = XCConfigurationList;
			buildConfigurations = (
				D83F29A61B04DF6B001A6A84 /* Debug */,
				D83F29A71B04DF6B001A6A84 /* Release */,
			);
			defaultConfigurationIsVisible = 0;
			defaultConfigurationName = Release;
		};
		D83F29A81B04DF6B001A6A84 /* Build configuration list for PBXNativeTarget "Blocstagram" */ = {
			isa = XCConfigurationList;
			buildConfigurations = (
				D83F29A91B04DF6B001A6A84 /* Debug */,
				D83F29AA1B04DF6B001A6A84 /* Release */,
			);
			defaultConfigurationIsVisible = 0;
		};
		D83F29AB1B04DF6B001A6A84 /* Build configuration list for PBXNativeTarget "BlocstagramTests" */ = {
			isa = XCConfigurationList;
			buildConfigurations = (
				D83F29AC1B04DF6B001A6A84 /* Debug */,
				D83F29AD1B04DF6B001A6A84 /* Release */,
			);
			defaultConfigurationIsVisible = 0;
		};
/* End XCConfigurationList section */
	};
	rootObject = D83F297D1B04DF6B001A6A84 /* Project object */;
}
